// !$*UTF8*$!
{
	archiveVersion = 1;
	classes = {
	};
	objectVersion = 46;
	objects = {
/* Begin PBXBuildFile section */
		0207DA581B56EA530066E2B4 /* Images.xcassets in Resources */ = {isa = PBXBuildFile; fileRef = 0207DA571B56EA530066E2B4 /* Images.xcassets */; };
		1D3623260D0F684500981E51 /* AppDelegate.m in Sources */ = {isa = PBXBuildFile; fileRef = 1D3623250D0F684500981E51 /* AppDelegate.m */; };
		1D60589B0D05DD56006BFB54 /* main.m in Sources */ = {isa = PBXBuildFile; fileRef = 29B97316FDCFA39411CA2CEA /* main.m */; };
		301BF552109A68D80062928A /* libCordova.a in Frameworks */ = {isa = PBXBuildFile; fileRef = 301BF535109A57CC0062928A /* libCordova.a */; };
		302D95F114D2391D003F00A1 /* MainViewController.m in Sources */ = {isa = PBXBuildFile; fileRef = 302D95EF14D2391D003F00A1 /* MainViewController.m */; };
		302D95F214D2391D003F00A1 /* MainViewController.xib in Resources */ = {isa = PBXBuildFile; fileRef = 302D95F014D2391D003F00A1 /* MainViewController.xib */; };
		3047A5121AB8059700498E2A /* build-debug.xcconfig in Resources */ = {isa = PBXBuildFile; fileRef = 3047A50F1AB8059700498E2A /* build-debug.xcconfig */; };
		3047A5131AB8059700498E2A /* build-release.xcconfig in Resources */ = {isa = PBXBuildFile; fileRef = 3047A5101AB8059700498E2A /* build-release.xcconfig */; };
		3047A5141AB8059700498E2A /* build.xcconfig in Resources */ = {isa = PBXBuildFile; fileRef = 3047A5111AB8059700498E2A /* build.xcconfig */; };
		6AFF5BF91D6E424B00AB3073 /* CDVLaunchScreen.storyboard in Resources */ = {isa = PBXBuildFile; fileRef = 6AFF5BF81D6E424B00AB3073 /* CDVLaunchScreen.storyboard */; };
		EEECC56CC619475A96D5007A /* AppDelegate+notification.m in Sources */ = {isa = PBXBuildFile; fileRef = 7594095B83834C13B26BB7E6 /* AppDelegate+notification.m */; };
		A6929C99EFD44496863BE3B0 /* PushPlugin.m in Sources */ = {isa = PBXBuildFile; fileRef = E1209BE46BAF48409B3FD311 /* PushPlugin.m */; };
		D691D7BF424C434AA862DBE9 /* libGGLCloudMessaging.a in Frameworks */ = {isa = PBXBuildFile; fileRef = 68F32FF25C4443468BB57AD2 /* libGGLCloudMessaging.a */; };
		667412BFD1BD44A5B54A1BD9 /* libGGLCore.a in Frameworks */ = {isa = PBXBuildFile; fileRef = 835ADBD243854F6892281D53 /* libGGLCore.a */; };
		06646934408E413EB1F84C35 /* libGGLInstanceIDLib.a in Frameworks */ = {isa = PBXBuildFile; fileRef = BBEFB713732941969D1D76AA /* libGGLInstanceIDLib.a */; };
		28DC526F26F44C42A1C444BA /* libGIP_Reachability.a in Frameworks */ = {isa = PBXBuildFile; fileRef = 311800C88D2F48E0A8030C54 /* libGIP_Reachability.a */; };
		B7B165179BAE44F791016693 /* libGSDK_Overload.a in Frameworks */ = {isa = PBXBuildFile; fileRef = 3AE46FB93F3D48BBB98E9454 /* libGSDK_Overload.a */; };
		D21B5375C1F9461582CBDF99 /* libGTMSessionFetcher_core.a in Frameworks */ = {isa = PBXBuildFile; fileRef = A4D03FB7C9744D679FC3F089 /* libGTMSessionFetcher_core.a */; };
		CE5077C8A8814E90BCC80F9C /* libGTMSessionFetcher_full.a in Frameworks */ = {isa = PBXBuildFile; fileRef = 3DA0FBBFC8D34F228DDBEF1B /* libGTMSessionFetcher_full.a */; };
		6CC3B4A17BF74D1D91EA8A85 /* libGTMStackTrace.a in Frameworks */ = {isa = PBXBuildFile; fileRef = C06D09132F3845CE931806E1 /* libGTMStackTrace.a */; };
		728024EA603B4A0AA8BC08BB /* libGTM_AddressBook.a in Frameworks */ = {isa = PBXBuildFile; fileRef = FB98B8B4557041C099A2DC96 /* libGTM_AddressBook.a */; };
		97C14BA5AE0B4C00A51528A8 /* libGTM_DebugUtils.a in Frameworks */ = {isa = PBXBuildFile; fileRef = 10C2DDC974B44D1998D91E0F /* libGTM_DebugUtils.a */; };
		0412E2E50CD0444988383E18 /* libGTM_GTMURLBuilder.a in Frameworks */ = {isa = PBXBuildFile; fileRef = B77FA0881BC043798CD09610 /* libGTM_GTMURLBuilder.a */; };
		1B5B7596B205415AAD706645 /* libGTM_KVO.a in Frameworks */ = {isa = PBXBuildFile; fileRef = 0125916DCBE64FF5AFFC0734 /* libGTM_KVO.a */; };
		9DA1BBBB30D44651B62A9C33 /* libGTM_NSData+zlib.a in Frameworks */ = {isa = PBXBuildFile; fileRef = CB6DD3960AF44592B67F80AD /* libGTM_NSData+zlib.a */; };
		63C64B21088C417087B4B2A4 /* libGTM_NSDictionary+URLArguments.a in Frameworks */ = {isa = PBXBuildFile; fileRef = 966B3261CFB74E4D8955963B /* libGTM_NSDictionary+URLArguments.a */; };
		19F865915425467992FA586F /* libGTM_NSScannerJSON.a in Frameworks */ = {isa = PBXBuildFile; fileRef = FFF218BA2044406E9A080F5D /* libGTM_NSScannerJSON.a */; };
		3CDCAF4D94FE43C5A60114E4 /* libGTM_NSStringHTML.a in Frameworks */ = {isa = PBXBuildFile; fileRef = 8AEC54769E8B48F18521216C /* libGTM_NSStringHTML.a */; };
		4A40F8B84BBB44AD83A77922 /* libGTM_NSStringXML.a in Frameworks */ = {isa = PBXBuildFile; fileRef = 4104C2B2660C405B80C89509 /* libGTM_NSStringXML.a */; };
		06E35C6F63CF4461ACBE738D /* libGTM_Regex.a in Frameworks */ = {isa = PBXBuildFile; fileRef = 08DC419D04E341F8A55E418E /* libGTM_Regex.a */; };
		B6BCD1207BD34681AAAD96AD /* libGTM_RoundedRectPath.a in Frameworks */ = {isa = PBXBuildFile; fileRef = 65A020733DF04B96953C630D /* libGTM_RoundedRectPath.a */; };
		0A284B391DD44006B8031AA5 /* libGTM_StringEncoding.a in Frameworks */ = {isa = PBXBuildFile; fileRef = 9F6EDE818A6B4AB1B2DD6D6D /* libGTM_StringEncoding.a */; };
		2832385E3B49435CA5D64B71 /* libGTM_SystemVersion.a in Frameworks */ = {isa = PBXBuildFile; fileRef = 7DC699AA63E74C859FC5A5E7 /* libGTM_SystemVersion.a */; };
		0CF83F607E5F45369DC065DA /* libGTM_UIFont+LineHeight.a in Frameworks */ = {isa = PBXBuildFile; fileRef = CB636AE5123143D7B0BD93F1 /* libGTM_UIFont+LineHeight.a */; };
		DF5A0C3D5CA64601B67BA4B7 /* libGTM_core.a in Frameworks */ = {isa = PBXBuildFile; fileRef = E9E9ECC21853487F90D8C489 /* libGTM_core.a */; };
		45BD02F230B34967B09940BC /* libGTM_iPhone.a in Frameworks */ = {isa = PBXBuildFile; fileRef = 35D65869150F4A2886436B58 /* libGTM_iPhone.a */; };
		00DEC2DEDDFC482486039D78 /* libGcmLib.a in Frameworks */ = {isa = PBXBuildFile; fileRef = 48023BD7C2F54B069B9DABBF /* libGcmLib.a */; };
		CC1F4A6B9AC64551A71D6B6E /* libProtocolBuffers.a in Frameworks */ = {isa = PBXBuildFile; fileRef = A7889147742A4344BA4E7162 /* libProtocolBuffers.a */; };
		9044878CE4E846A0A5D45243 /* AddressBook.framework in Frameworks */ = {isa = PBXBuildFile; fileRef = D1176300434245F2B0AC17D7 /* AddressBook.framework */; };
		407B64C20B544A39A71ADAA9 /* libsqlite3.tbd in Frameworks */ = {isa = PBXBuildFile; fileRef = 057F33381AF44F14B2C51B4B /* libsqlite3.tbd */; };
		1448B11FDAE64DF585A4133B /* libz.tbd in Frameworks */ = {isa = PBXBuildFile; fileRef = 86DE9C79AB96414FBB6E2432 /* libz.tbd */; };
		1EE5550141AD47CDB250BBCB /* CDVDevice.m in Sources */ = {isa = PBXBuildFile; fileRef = 698F18623B0C486F9574CB43 /* CDVDevice.m */; };
		3086E3F8936745D3A28C16BB /* CDVNotification.m in Sources */ = {isa = PBXBuildFile; fileRef = E4F6E9B3C04E4735BB85569E /* CDVNotification.m */; };
		B5DCE5D7AD2B493AB7DFC4EB /* CDVNotification.bundle in Resources */ = {isa = PBXBuildFile; fileRef = 4B405E0B49BA42B9A7793895 /* CDVNotification.bundle */; };
		90AB45676AA4415C9B9A3AAD /* AudioToolbox.framework in Frameworks */ = {isa = PBXBuildFile; fileRef = 598B164D8882400CB28BEF67 /* AudioToolbox.framework */; settings = {ATTRIBUTES = (Weak, ); }; };
		58AE3A115E264771B48993B1 /* CDVInAppBrowser.m in Sources */ = {isa = PBXBuildFile; fileRef = 66187A0084154DCC8C075709 /* CDVInAppBrowser.m */; };
		18AA85987FFF4BB2ACA67087 /* CDVConnection.m in Sources */ = {isa = PBXBuildFile; fileRef = 51E8F3FDF68A493B9D885439 /* CDVConnection.m */; };
		1C30AE5240CD41DB992197EF /* CDVReachability.m in Sources */ = {isa = PBXBuildFile; fileRef = FB756E7257C6400D9996A8D3 /* CDVReachability.m */; };
		6A1DCCA6EE3141F8BC9F0340 /* SystemConfiguration.framework in Frameworks */ = {isa = PBXBuildFile; fileRef = 7475E84AD76548509F5D3CA2 /* SystemConfiguration.framework */; settings = {ATTRIBUTES = (Weak, ); }; };
		0040045E5847420EB0014771 /* CoreTelephony.framework in Frameworks */ = {isa = PBXBuildFile; fileRef = 5EBBC7330B0044F28512782E /* CoreTelephony.framework */; };
		C4481BA7CB9B4EAC8ECD1232 /* CDVStatusBar.m in Sources */ = {isa = PBXBuildFile; fileRef = A5AC2BC8909A472B88BE6DF4 /* CDVStatusBar.m */; };
		A2DD1F87633649658CB30E99 /* NSString+SSURLEncoding.m in Sources */ = {isa = PBXBuildFile; fileRef = 0C6E2BAB99E4447C83F9F08F /* NSString+SSURLEncoding.m */; };
		B281916B9EA84B4292B0532A /* SocialSharing.m in Sources */ = {isa = PBXBuildFile; fileRef = 2DE1C4B6BF0E486389612826 /* SocialSharing.m */; };
		D56CB34B5C5D4B869B5347FE /* Social.framework in Frameworks */ = {isa = PBXBuildFile; fileRef = 1C6F1CCE771A4845B93A6430 /* Social.framework */; settings = {ATTRIBUTES = (Weak, ); }; };
		331A455A2FF94A32873502CF /* MessageUI.framework in Frameworks */ = {isa = PBXBuildFile; fileRef = 9D821479628A40D99BA3D446 /* MessageUI.framework */; settings = {ATTRIBUTES = (Weak, ); }; };
/* End PBXBuildFile section */

/* Begin PBXContainerItemProxy section */
		301BF534109A57CC0062928A /* PBXContainerItemProxy */ = {
			isa = PBXContainerItemProxy;
			containerPortal = 301BF52D109A57CC0062928A /* CordovaLib.xcodeproj */;
			proxyType = 2;
			remoteGlobalIDString = D2AAC07E0554694100DB518D;
			remoteInfo = CordovaLib;
		};
		301BF550109A68C00062928A /* PBXContainerItemProxy */ = {
			isa = PBXContainerItemProxy;
			containerPortal = 301BF52D109A57CC0062928A /* CordovaLib.xcodeproj */;
			proxyType = 1;
			remoteGlobalIDString = D2AAC07D0554694100DB518D;
			remoteInfo = CordovaLib;
		};
/* End PBXContainerItemProxy section */

/* Begin PBXFileReference section */
		0207DA571B56EA530066E2B4 /* Images.xcassets */ = {isa = PBXFileReference; lastKnownFileType = folder.assetcatalog; name = Images.xcassets; path = "Heraclia Pavimenti/Images.xcassets"; sourceTree = SOURCE_ROOT; };
		1D3623240D0F684500981E51 /* AppDelegate.h */ = {isa = PBXFileReference; fileEncoding = 4; lastKnownFileType = sourcecode.c.h; path = AppDelegate.h; sourceTree = "<group>"; };
		1D3623250D0F684500981E51 /* AppDelegate.m */ = {isa = PBXFileReference; fileEncoding = 4; lastKnownFileType = sourcecode.c.objc; path = AppDelegate.m; sourceTree = "<group>"; };
		1D6058910D05DD3D006BFB54 /* Heraclia Pavimenti.app */ = {isa = PBXFileReference; explicitFileType = wrapper.application; includeInIndex = 0; path = "Heraclia Pavimenti.app"; sourceTree = BUILT_PRODUCTS_DIR; };
		29B97316FDCFA39411CA2CEA /* main.m */ = {isa = PBXFileReference; fileEncoding = 4; lastKnownFileType = sourcecode.c.objc; path = main.m; sourceTree = "<group>"; };
		301BF52D109A57CC0062928A /* CordovaLib.xcodeproj */ = {isa = PBXFileReference; lastKnownFileType = "wrapper.pb-project"; name = CordovaLib.xcodeproj; path = CordovaLib/CordovaLib.xcodeproj; sourceTree = "<group>"; };
		301BF56E109A69640062928A /* www */ = {isa = PBXFileReference; lastKnownFileType = folder; path = www; sourceTree = SOURCE_ROOT; };
		302D95EE14D2391D003F00A1 /* MainViewController.h */ = {isa = PBXFileReference; fileEncoding = 4; lastKnownFileType = sourcecode.c.h; path = MainViewController.h; sourceTree = "<group>"; };
		302D95EF14D2391D003F00A1 /* MainViewController.m */ = {isa = PBXFileReference; fileEncoding = 4; lastKnownFileType = sourcecode.c.objc; path = MainViewController.m; sourceTree = "<group>"; };
		302D95F014D2391D003F00A1 /* MainViewController.xib */ = {isa = PBXFileReference; fileEncoding = 4; lastKnownFileType = file.xib; path = MainViewController.xib; sourceTree = "<group>"; };
		3047A50F1AB8059700498E2A /* build-debug.xcconfig */ = {isa = PBXFileReference; fileEncoding = 4; lastKnownFileType = text.xcconfig; name = "build-debug.xcconfig"; path = cordova/build-debug.xcconfig; sourceTree = SOURCE_ROOT; };
		3047A5101AB8059700498E2A /* build-release.xcconfig */ = {isa = PBXFileReference; fileEncoding = 4; lastKnownFileType = text.xcconfig; name = "build-release.xcconfig"; path = cordova/build-release.xcconfig; sourceTree = SOURCE_ROOT; };
		3047A5111AB8059700498E2A /* build.xcconfig */ = {isa = PBXFileReference; fileEncoding = 4; lastKnownFileType = text.xcconfig; name = build.xcconfig; path = cordova/build.xcconfig; sourceTree = SOURCE_ROOT; };
		32CA4F630368D1EE00C91783 /* Heraclia Pavimenti-Prefix.pch */ = {isa = PBXFileReference; fileEncoding = 4; lastKnownFileType = sourcecode.c.h; path = "Heraclia Pavimenti-Prefix.pch"; sourceTree = "<group>"; };
		6AFF5BF81D6E424B00AB3073 /* CDVLaunchScreen.storyboard */ = {isa = PBXFileReference; fileEncoding = 4; lastKnownFileType = file.storyboard; name = CDVLaunchScreen.storyboard; path = "Heraclia Pavimenti/CDVLaunchScreen.storyboard"; sourceTree = SOURCE_ROOT; };
		8D1107310486CEB800E47090 /* Heraclia Pavimenti-Info.plist */ = {isa = PBXFileReference; fileEncoding = 4; lastKnownFileType = text.plist.xml; name = "Heraclia Pavimenti-Info.plist"; path = "Heraclia Pavimenti/Heraclia Pavimenti-Info.plist"; plistStructureDefinitionIdentifier = "com.apple.xcode.plist.structure-definition.iphone.info-plist"; sourceTree = SOURCE_ROOT; };
		EB87FDF31871DA8E0020F90C /* www */ = {isa = PBXFileReference; lastKnownFileType = folder; name = www; path = ../../www; sourceTree = "<group>"; };
		EB87FDF41871DAF40020F90C /* config.xml */ = {isa = PBXFileReference; lastKnownFileType = text.xml; name = config.xml; path = ../../config.xml; sourceTree = "<group>"; };
		F840E1F0165FE0F500CFE078 /* config.xml */ = {isa = PBXFileReference; lastKnownFileType = text.xml; name = config.xml; path = "Heraclia Pavimenti/config.xml"; sourceTree = "<group>"; };
		ED33DF2A687741AEAF9F8254 /* Bridging-Header.h */ = {isa = PBXFileReference; fileEncoding = 4; lastKnownFileType = sourcecode.c.h; name = "Bridging-Header.h"; path = "Bridging-Header.h"; sourceTree = "<group>"; };
		7594095B83834C13B26BB7E6 /* AppDelegate+notification.m */ = {isa = PBXFileReference; name = "AppDelegate+notification.m"; path = "phonegap-plugin-push/AppDelegate+notification.m"; sourceTree = "<group>"; fileEncoding = 4; lastKnownFileType = sourcecode.c.objc; explicitFileType = undefined; includeInIndex = 0; };
		E1209BE46BAF48409B3FD311 /* PushPlugin.m */ = {isa = PBXFileReference; name = "PushPlugin.m"; path = "phonegap-plugin-push/PushPlugin.m"; sourceTree = "<group>"; fileEncoding = 4; lastKnownFileType = sourcecode.c.objc; explicitFileType = undefined; includeInIndex = 0; };
		68F32FF25C4443468BB57AD2 /* libGGLCloudMessaging.a */ = {isa = PBXFileReference; name = "libGGLCloudMessaging.a"; path = "Heraclia Pavimenti/Plugins/phonegap-plugin-push/GCM/Libraries/libGGLCloudMessaging.a"; sourceTree = "<group>"; fileEncoding = undefined; lastKnownFileType = archive.ar; explicitFileType = undefined; includeInIndex = 0; };
		835ADBD243854F6892281D53 /* libGGLCore.a */ = {isa = PBXFileReference; name = "libGGLCore.a"; path = "Heraclia Pavimenti/Plugins/phonegap-plugin-push/GCM/Libraries/libGGLCore.a"; sourceTree = "<group>"; fileEncoding = undefined; lastKnownFileType = archive.ar; explicitFileType = undefined; includeInIndex = 0; };
		BBEFB713732941969D1D76AA /* libGGLInstanceIDLib.a */ = {isa = PBXFileReference; name = "libGGLInstanceIDLib.a"; path = "Heraclia Pavimenti/Plugins/phonegap-plugin-push/GCM/Libraries/libGGLInstanceIDLib.a"; sourceTree = "<group>"; fileEncoding = undefined; lastKnownFileType = archive.ar; explicitFileType = undefined; includeInIndex = 0; };
		311800C88D2F48E0A8030C54 /* libGIP_Reachability.a */ = {isa = PBXFileReference; name = "libGIP_Reachability.a"; path = "Heraclia Pavimenti/Plugins/phonegap-plugin-push/GCM/Libraries/libGIP_Reachability.a"; sourceTree = "<group>"; fileEncoding = undefined; lastKnownFileType = archive.ar; explicitFileType = undefined; includeInIndex = 0; };
		3AE46FB93F3D48BBB98E9454 /* libGSDK_Overload.a */ = {isa = PBXFileReference; name = "libGSDK_Overload.a"; path = "Heraclia Pavimenti/Plugins/phonegap-plugin-push/GCM/Libraries/libGSDK_Overload.a"; sourceTree = "<group>"; fileEncoding = undefined; lastKnownFileType = archive.ar; explicitFileType = undefined; includeInIndex = 0; };
		A4D03FB7C9744D679FC3F089 /* libGTMSessionFetcher_core.a */ = {isa = PBXFileReference; name = "libGTMSessionFetcher_core.a"; path = "Heraclia Pavimenti/Plugins/phonegap-plugin-push/GCM/Libraries/libGTMSessionFetcher_core.a"; sourceTree = "<group>"; fileEncoding = undefined; lastKnownFileType = archive.ar; explicitFileType = undefined; includeInIndex = 0; };
		3DA0FBBFC8D34F228DDBEF1B /* libGTMSessionFetcher_full.a */ = {isa = PBXFileReference; name = "libGTMSessionFetcher_full.a"; path = "Heraclia Pavimenti/Plugins/phonegap-plugin-push/GCM/Libraries/libGTMSessionFetcher_full.a"; sourceTree = "<group>"; fileEncoding = undefined; lastKnownFileType = archive.ar; explicitFileType = undefined; includeInIndex = 0; };
		C06D09132F3845CE931806E1 /* libGTMStackTrace.a */ = {isa = PBXFileReference; name = "libGTMStackTrace.a"; path = "Heraclia Pavimenti/Plugins/phonegap-plugin-push/GCM/Libraries/libGTMStackTrace.a"; sourceTree = "<group>"; fileEncoding = undefined; lastKnownFileType = archive.ar; explicitFileType = undefined; includeInIndex = 0; };
		FB98B8B4557041C099A2DC96 /* libGTM_AddressBook.a */ = {isa = PBXFileReference; name = "libGTM_AddressBook.a"; path = "Heraclia Pavimenti/Plugins/phonegap-plugin-push/GCM/Libraries/libGTM_AddressBook.a"; sourceTree = "<group>"; fileEncoding = undefined; lastKnownFileType = archive.ar; explicitFileType = undefined; includeInIndex = 0; };
		10C2DDC974B44D1998D91E0F /* libGTM_DebugUtils.a */ = {isa = PBXFileReference; name = "libGTM_DebugUtils.a"; path = "Heraclia Pavimenti/Plugins/phonegap-plugin-push/GCM/Libraries/libGTM_DebugUtils.a"; sourceTree = "<group>"; fileEncoding = undefined; lastKnownFileType = archive.ar; explicitFileType = undefined; includeInIndex = 0; };
		B77FA0881BC043798CD09610 /* libGTM_GTMURLBuilder.a */ = {isa = PBXFileReference; name = "libGTM_GTMURLBuilder.a"; path = "Heraclia Pavimenti/Plugins/phonegap-plugin-push/GCM/Libraries/libGTM_GTMURLBuilder.a"; sourceTree = "<group>"; fileEncoding = undefined; lastKnownFileType = archive.ar; explicitFileType = undefined; includeInIndex = 0; };
		0125916DCBE64FF5AFFC0734 /* libGTM_KVO.a */ = {isa = PBXFileReference; name = "libGTM_KVO.a"; path = "Heraclia Pavimenti/Plugins/phonegap-plugin-push/GCM/Libraries/libGTM_KVO.a"; sourceTree = "<group>"; fileEncoding = undefined; lastKnownFileType = archive.ar; explicitFileType = undefined; includeInIndex = 0; };
		CB6DD3960AF44592B67F80AD /* libGTM_NSData+zlib.a */ = {isa = PBXFileReference; name = "libGTM_NSData+zlib.a"; path = "Heraclia Pavimenti/Plugins/phonegap-plugin-push/GCM/Libraries/libGTM_NSData+zlib.a"; sourceTree = "<group>"; fileEncoding = undefined; lastKnownFileType = archive.ar; explicitFileType = undefined; includeInIndex = 0; };
		966B3261CFB74E4D8955963B /* libGTM_NSDictionary+URLArguments.a */ = {isa = PBXFileReference; name = "libGTM_NSDictionary+URLArguments.a"; path = "Heraclia Pavimenti/Plugins/phonegap-plugin-push/GCM/Libraries/libGTM_NSDictionary+URLArguments.a"; sourceTree = "<group>"; fileEncoding = undefined; lastKnownFileType = archive.ar; explicitFileType = undefined; includeInIndex = 0; };
		FFF218BA2044406E9A080F5D /* libGTM_NSScannerJSON.a */ = {isa = PBXFileReference; name = "libGTM_NSScannerJSON.a"; path = "Heraclia Pavimenti/Plugins/phonegap-plugin-push/GCM/Libraries/libGTM_NSScannerJSON.a"; sourceTree = "<group>"; fileEncoding = undefined; lastKnownFileType = archive.ar; explicitFileType = undefined; includeInIndex = 0; };
		8AEC54769E8B48F18521216C /* libGTM_NSStringHTML.a */ = {isa = PBXFileReference; name = "libGTM_NSStringHTML.a"; path = "Heraclia Pavimenti/Plugins/phonegap-plugin-push/GCM/Libraries/libGTM_NSStringHTML.a"; sourceTree = "<group>"; fileEncoding = undefined; lastKnownFileType = archive.ar; explicitFileType = undefined; includeInIndex = 0; };
		4104C2B2660C405B80C89509 /* libGTM_NSStringXML.a */ = {isa = PBXFileReference; name = "libGTM_NSStringXML.a"; path = "Heraclia Pavimenti/Plugins/phonegap-plugin-push/GCM/Libraries/libGTM_NSStringXML.a"; sourceTree = "<group>"; fileEncoding = undefined; lastKnownFileType = archive.ar; explicitFileType = undefined; includeInIndex = 0; };
		08DC419D04E341F8A55E418E /* libGTM_Regex.a */ = {isa = PBXFileReference; name = "libGTM_Regex.a"; path = "Heraclia Pavimenti/Plugins/phonegap-plugin-push/GCM/Libraries/libGTM_Regex.a"; sourceTree = "<group>"; fileEncoding = undefined; lastKnownFileType = archive.ar; explicitFileType = undefined; includeInIndex = 0; };
		65A020733DF04B96953C630D /* libGTM_RoundedRectPath.a */ = {isa = PBXFileReference; name = "libGTM_RoundedRectPath.a"; path = "Heraclia Pavimenti/Plugins/phonegap-plugin-push/GCM/Libraries/libGTM_RoundedRectPath.a"; sourceTree = "<group>"; fileEncoding = undefined; lastKnownFileType = archive.ar; explicitFileType = undefined; includeInIndex = 0; };
		9F6EDE818A6B4AB1B2DD6D6D /* libGTM_StringEncoding.a */ = {isa = PBXFileReference; name = "libGTM_StringEncoding.a"; path = "Heraclia Pavimenti/Plugins/phonegap-plugin-push/GCM/Libraries/libGTM_StringEncoding.a"; sourceTree = "<group>"; fileEncoding = undefined; lastKnownFileType = archive.ar; explicitFileType = undefined; includeInIndex = 0; };
		7DC699AA63E74C859FC5A5E7 /* libGTM_SystemVersion.a */ = {isa = PBXFileReference; name = "libGTM_SystemVersion.a"; path = "Heraclia Pavimenti/Plugins/phonegap-plugin-push/GCM/Libraries/libGTM_SystemVersion.a"; sourceTree = "<group>"; fileEncoding = undefined; lastKnownFileType = archive.ar; explicitFileType = undefined; includeInIndex = 0; };
		CB636AE5123143D7B0BD93F1 /* libGTM_UIFont+LineHeight.a */ = {isa = PBXFileReference; name = "libGTM_UIFont+LineHeight.a"; path = "Heraclia Pavimenti/Plugins/phonegap-plugin-push/GCM/Libraries/libGTM_UIFont+LineHeight.a"; sourceTree = "<group>"; fileEncoding = undefined; lastKnownFileType = archive.ar; explicitFileType = undefined; includeInIndex = 0; };
		E9E9ECC21853487F90D8C489 /* libGTM_core.a */ = {isa = PBXFileReference; name = "libGTM_core.a"; path = "Heraclia Pavimenti/Plugins/phonegap-plugin-push/GCM/Libraries/libGTM_core.a"; sourceTree = "<group>"; fileEncoding = undefined; lastKnownFileType = archive.ar; explicitFileType = undefined; includeInIndex = 0; };
		35D65869150F4A2886436B58 /* libGTM_iPhone.a */ = {isa = PBXFileReference; name = "libGTM_iPhone.a"; path = "Heraclia Pavimenti/Plugins/phonegap-plugin-push/GCM/Libraries/libGTM_iPhone.a"; sourceTree = "<group>"; fileEncoding = undefined; lastKnownFileType = archive.ar; explicitFileType = undefined; includeInIndex = 0; };
		48023BD7C2F54B069B9DABBF /* libGcmLib.a */ = {isa = PBXFileReference; name = "libGcmLib.a"; path = "Heraclia Pavimenti/Plugins/phonegap-plugin-push/GCM/Libraries/libGcmLib.a"; sourceTree = "<group>"; fileEncoding = undefined; lastKnownFileType = archive.ar; explicitFileType = undefined; includeInIndex = 0; };
		A7889147742A4344BA4E7162 /* libProtocolBuffers.a */ = {isa = PBXFileReference; name = "libProtocolBuffers.a"; path = "Heraclia Pavimenti/Plugins/phonegap-plugin-push/GCM/Libraries/libProtocolBuffers.a"; sourceTree = "<group>"; fileEncoding = undefined; lastKnownFileType = archive.ar; explicitFileType = undefined; includeInIndex = 0; };
		743F8474D54E41DB8EAF155A /* AppDelegate+notification.h */ = {isa = PBXFileReference; name = "AppDelegate+notification.h"; path = "phonegap-plugin-push/AppDelegate+notification.h"; sourceTree = "<group>"; fileEncoding = 4; lastKnownFileType = sourcecode.c.h; explicitFileType = undefined; includeInIndex = 0; };
		CED905DC301247DFBFBEAC82 /* PushPlugin.h */ = {isa = PBXFileReference; name = "PushPlugin.h"; path = "phonegap-plugin-push/PushPlugin.h"; sourceTree = "<group>"; fileEncoding = 4; lastKnownFileType = sourcecode.c.h; explicitFileType = undefined; includeInIndex = 0; };
		9DC9AE0AE585499486502089 /* GGLInstanceID.h */ = {isa = PBXFileReference; name = "GGLInstanceID.h"; path = "phonegap-plugin-push/GCM/Headers/GGLInstanceID.h"; sourceTree = "<group>"; fileEncoding = 4; lastKnownFileType = sourcecode.c.h; explicitFileType = undefined; includeInIndex = 0; };
		047DD772027C4C30AB79355D /* GGLInstanceIDConfig.h */ = {isa = PBXFileReference; name = "GGLInstanceIDConfig.h"; path = "phonegap-plugin-push/GCM/Headers/GGLInstanceIDConfig.h"; sourceTree = "<group>"; fileEncoding = 4; lastKnownFileType = sourcecode.c.h; explicitFileType = undefined; includeInIndex = 0; };
		44D3C2AA321E47108EC4FC53 /* GGLInstanceIDDelegate.h */ = {isa = PBXFileReference; name = "GGLInstanceIDDelegate.h"; path = "phonegap-plugin-push/GCM/Headers/GGLInstanceIDDelegate.h"; sourceTree = "<group>"; fileEncoding = 4; lastKnownFileType = sourcecode.c.h; explicitFileType = undefined; includeInIndex = 0; };
		B0B6D50AC1FF435FB21221FA /* GGLInstanceIDHeaders.h */ = {isa = PBXFileReference; name = "GGLInstanceIDHeaders.h"; path = "phonegap-plugin-push/GCM/Headers/GGLInstanceIDHeaders.h"; sourceTree = "<group>"; fileEncoding = 4; lastKnownFileType = sourcecode.c.h; explicitFileType = undefined; includeInIndex = 0; };
		8BB3636FEC9048779604924D /* CloudMessaging.h */ = {isa = PBXFileReference; name = "CloudMessaging.h"; path = "phonegap-plugin-push/GCM/Headers/CloudMessaging.h"; sourceTree = "<group>"; fileEncoding = 4; lastKnownFileType = sourcecode.c.h; explicitFileType = undefined; includeInIndex = 0; };
		45B39E57110A42E7AA38E825 /* GGLContext+CloudMessaging.h */ = {isa = PBXFileReference; name = "GGLContext+CloudMessaging.h"; path = "phonegap-plugin-push/GCM/Headers/GGLContext+CloudMessaging.h"; sourceTree = "<group>"; fileEncoding = 4; lastKnownFileType = sourcecode.c.h; explicitFileType = undefined; includeInIndex = 0; };
		51B8DBBCC2E34D05947449D6 /* Core.h */ = {isa = PBXFileReference; name = "Core.h"; path = "phonegap-plugin-push/GCM/Headers/Core.h"; sourceTree = "<group>"; fileEncoding = 4; lastKnownFileType = sourcecode.c.h; explicitFileType = undefined; includeInIndex = 0; };
		7092C3875CE54322B3F82DF8 /* GGLConfiguration.h */ = {isa = PBXFileReference; name = "GGLConfiguration.h"; path = "phonegap-plugin-push/GCM/Headers/GGLConfiguration.h"; sourceTree = "<group>"; fileEncoding = 4; lastKnownFileType = sourcecode.c.h; explicitFileType = undefined; includeInIndex = 0; };
		BC0476C9E7794B819613A328 /* GGLContext.h */ = {isa = PBXFileReference; name = "GGLContext.h"; path = "phonegap-plugin-push/GCM/Headers/GGLContext.h"; sourceTree = "<group>"; fileEncoding = 4; lastKnownFileType = sourcecode.c.h; explicitFileType = undefined; includeInIndex = 0; };
		04C8D7B176B84E1688E3725E /* GGLErrorCode.h */ = {isa = PBXFileReference; name = "GGLErrorCode.h"; path = "phonegap-plugin-push/GCM/Headers/GGLErrorCode.h"; sourceTree = "<group>"; fileEncoding = 4; lastKnownFileType = sourcecode.c.h; explicitFileType = undefined; includeInIndex = 0; };
		1980E406C04F4ABE9701AC1B /* GCMConfig.h */ = {isa = PBXFileReference; name = "GCMConfig.h"; path = "phonegap-plugin-push/GCM/Headers/GCMConfig.h"; sourceTree = "<group>"; fileEncoding = 4; lastKnownFileType = sourcecode.c.h; explicitFileType = undefined; includeInIndex = 0; };
		039AA9BDF9FA49979D0A4F94 /* GCMPubSub.h */ = {isa = PBXFileReference; name = "GCMPubSub.h"; path = "phonegap-plugin-push/GCM/Headers/GCMPubSub.h"; sourceTree = "<group>"; fileEncoding = 4; lastKnownFileType = sourcecode.c.h; explicitFileType = undefined; includeInIndex = 0; };
		6BD0C92D8F6540D78C20F47E /* GCMReceiverDelegate.h */ = {isa = PBXFileReference; name = "GCMReceiverDelegate.h"; path = "phonegap-plugin-push/GCM/Headers/GCMReceiverDelegate.h"; sourceTree = "<group>"; fileEncoding = 4; lastKnownFileType = sourcecode.c.h; explicitFileType = undefined; includeInIndex = 0; };
		827DB9D9BBEE49C7A69637AB /* GCMService.h */ = {isa = PBXFileReference; name = "GCMService.h"; path = "phonegap-plugin-push/GCM/Headers/GCMService.h"; sourceTree = "<group>"; fileEncoding = 4; lastKnownFileType = sourcecode.c.h; explicitFileType = undefined; includeInIndex = 0; };
		0AC17A2B1A254620AF9E8D5F /* GoogleCloudMessaging.h */ = {isa = PBXFileReference; name = "GoogleCloudMessaging.h"; path = "phonegap-plugin-push/GCM/Headers/GoogleCloudMessaging.h"; sourceTree = "<group>"; fileEncoding = 4; lastKnownFileType = sourcecode.c.h; explicitFileType = undefined; includeInIndex = 0; };
		D1176300434245F2B0AC17D7 /* AddressBook.framework */ = {isa = PBXFileReference; name = "AddressBook.framework"; path = "System/Library/Frameworks/AddressBook.framework"; sourceTree = SDKROOT; fileEncoding = undefined; lastKnownFileType = wrapper.framework; explicitFileType = undefined; includeInIndex = 0; };
		057F33381AF44F14B2C51B4B /* libsqlite3.tbd */ = {isa = PBXFileReference; name = "libsqlite3.tbd"; path = "usr/lib/libsqlite3.tbd"; sourceTree = SDKROOT; fileEncoding = undefined; lastKnownFileType = sourcecode.text-based-dylib-definition; explicitFileType = undefined; includeInIndex = 0; };
		86DE9C79AB96414FBB6E2432 /* libz.tbd */ = {isa = PBXFileReference; name = "libz.tbd"; path = "usr/lib/libz.tbd"; sourceTree = SDKROOT; fileEncoding = undefined; lastKnownFileType = sourcecode.text-based-dylib-definition; explicitFileType = undefined; includeInIndex = 0; };
		698F18623B0C486F9574CB43 /* CDVDevice.m */ = {isa = PBXFileReference; name = "CDVDevice.m"; path = "cordova-plugin-device/CDVDevice.m"; sourceTree = "<group>"; fileEncoding = 4; lastKnownFileType = sourcecode.c.objc; explicitFileType = undefined; includeInIndex = 0; };
		96F685DC9FD146C1B805C9F5 /* CDVDevice.h */ = {isa = PBXFileReference; name = "CDVDevice.h"; path = "cordova-plugin-device/CDVDevice.h"; sourceTree = "<group>"; fileEncoding = 4; lastKnownFileType = sourcecode.c.h; explicitFileType = undefined; includeInIndex = 0; };
		E4F6E9B3C04E4735BB85569E /* CDVNotification.m */ = {isa = PBXFileReference; name = "CDVNotification.m"; path = "cordova-plugin-dialogs/CDVNotification.m"; sourceTree = "<group>"; fileEncoding = 4; lastKnownFileType = sourcecode.c.objc; explicitFileType = undefined; includeInIndex = 0; };
		C48C299C1BF24033BDB09511 /* CDVNotification.h */ = {isa = PBXFileReference; name = "CDVNotification.h"; path = "cordova-plugin-dialogs/CDVNotification.h"; sourceTree = "<group>"; fileEncoding = 4; lastKnownFileType = sourcecode.c.h; explicitFileType = undefined; includeInIndex = 0; };
		4B405E0B49BA42B9A7793895 /* CDVNotification.bundle */ = {isa = PBXFileReference; name = "CDVNotification.bundle"; path = "CDVNotification.bundle"; sourceTree = "<group>"; fileEncoding = undefined; lastKnownFileType = wrapper.plug-in; explicitFileType = undefined; includeInIndex = 0; };
		598B164D8882400CB28BEF67 /* AudioToolbox.framework */ = {isa = PBXFileReference; name = "AudioToolbox.framework"; path = "System/Library/Frameworks/AudioToolbox.framework"; sourceTree = SDKROOT; fileEncoding = undefined; lastKnownFileType = wrapper.framework; explicitFileType = undefined; includeInIndex = 0; };
		66187A0084154DCC8C075709 /* CDVInAppBrowser.m */ = {isa = PBXFileReference; name = "CDVInAppBrowser.m"; path = "cordova-plugin-inappbrowser/CDVInAppBrowser.m"; sourceTree = "<group>"; fileEncoding = 4; lastKnownFileType = sourcecode.c.objc; explicitFileType = undefined; includeInIndex = 0; };
		1706CEC3F63546EB87AA9D1B /* CDVInAppBrowser.h */ = {isa = PBXFileReference; name = "CDVInAppBrowser.h"; path = "cordova-plugin-inappbrowser/CDVInAppBrowser.h"; sourceTree = "<group>"; fileEncoding = 4; lastKnownFileType = sourcecode.c.h; explicitFileType = undefined; includeInIndex = 0; };
		51E8F3FDF68A493B9D885439 /* CDVConnection.m */ = {isa = PBXFileReference; name = "CDVConnection.m"; path = "cordova-plugin-network-information/CDVConnection.m"; sourceTree = "<group>"; fileEncoding = 4; lastKnownFileType = sourcecode.c.objc; explicitFileType = undefined; includeInIndex = 0; };
		FB756E7257C6400D9996A8D3 /* CDVReachability.m */ = {isa = PBXFileReference; name = "CDVReachability.m"; path = "cordova-plugin-network-information/CDVReachability.m"; sourceTree = "<group>"; fileEncoding = 4; lastKnownFileType = sourcecode.c.objc; explicitFileType = undefined; includeInIndex = 0; };
		F4AD309DBE1B4913B265480F /* CDVConnection.h */ = {isa = PBXFileReference; name = "CDVConnection.h"; path = "cordova-plugin-network-information/CDVConnection.h"; sourceTree = "<group>"; fileEncoding = 4; lastKnownFileType = sourcecode.c.h; explicitFileType = undefined; includeInIndex = 0; };
		F0E0DC41DF774E30861313ED /* CDVReachability.h */ = {isa = PBXFileReference; name = "CDVReachability.h"; path = "cordova-plugin-network-information/CDVReachability.h"; sourceTree = "<group>"; fileEncoding = 4; lastKnownFileType = sourcecode.c.h; explicitFileType = undefined; includeInIndex = 0; };
		7475E84AD76548509F5D3CA2 /* SystemConfiguration.framework */ = {isa = PBXFileReference; name = "SystemConfiguration.framework"; path = "System/Library/Frameworks/SystemConfiguration.framework"; sourceTree = SDKROOT; fileEncoding = undefined; lastKnownFileType = wrapper.framework; explicitFileType = undefined; includeInIndex = 0; };
		5EBBC7330B0044F28512782E /* CoreTelephony.framework */ = {isa = PBXFileReference; name = "CoreTelephony.framework"; path = "System/Library/Frameworks/CoreTelephony.framework"; sourceTree = SDKROOT; fileEncoding = undefined; lastKnownFileType = wrapper.framework; explicitFileType = undefined; includeInIndex = 0; };
		A5AC2BC8909A472B88BE6DF4 /* CDVStatusBar.m */ = {isa = PBXFileReference; name = "CDVStatusBar.m"; path = "cordova-plugin-statusbar/CDVStatusBar.m"; sourceTree = "<group>"; fileEncoding = 4; lastKnownFileType = sourcecode.c.objc; explicitFileType = undefined; includeInIndex = 0; };
		2170813A8F714166AF257782 /* CDVStatusBar.h */ = {isa = PBXFileReference; name = "CDVStatusBar.h"; path = "cordova-plugin-statusbar/CDVStatusBar.h"; sourceTree = "<group>"; fileEncoding = 4; lastKnownFileType = sourcecode.c.h; explicitFileType = undefined; includeInIndex = 0; };
		0C6E2BAB99E4447C83F9F08F /* NSString+SSURLEncoding.m */ = {isa = PBXFileReference; name = "NSString+SSURLEncoding.m"; path = "cordova-plugin-x-socialsharing/NSString+SSURLEncoding.m"; sourceTree = "<group>"; fileEncoding = 4; lastKnownFileType = sourcecode.c.objc; explicitFileType = undefined; includeInIndex = 0; };
		2DE1C4B6BF0E486389612826 /* SocialSharing.m */ = {isa = PBXFileReference; name = "SocialSharing.m"; path = "cordova-plugin-x-socialsharing/SocialSharing.m"; sourceTree = "<group>"; fileEncoding = 4; lastKnownFileType = sourcecode.c.objc; explicitFileType = undefined; includeInIndex = 0; };
		F90515D827B4481AAA6E899A /* NSString+SSURLEncoding.h */ = {isa = PBXFileReference; name = "NSString+SSURLEncoding.h"; path = "cordova-plugin-x-socialsharing/NSString+SSURLEncoding.h"; sourceTree = "<group>"; fileEncoding = 4; lastKnownFileType = sourcecode.c.h; explicitFileType = undefined; includeInIndex = 0; };
		B964786F2CCE4E9D85A48C6F /* SocialSharing.h */ = {isa = PBXFileReference; name = "SocialSharing.h"; path = "cordova-plugin-x-socialsharing/SocialSharing.h"; sourceTree = "<group>"; fileEncoding = 4; lastKnownFileType = sourcecode.c.h; explicitFileType = undefined; includeInIndex = 0; };
		1C6F1CCE771A4845B93A6430 /* Social.framework */ = {isa = PBXFileReference; name = "Social.framework"; path = "System/Library/Frameworks/Social.framework"; sourceTree = SDKROOT; fileEncoding = undefined; lastKnownFileType = wrapper.framework; explicitFileType = undefined; includeInIndex = 0; };
		9D821479628A40D99BA3D446 /* MessageUI.framework */ = {isa = PBXFileReference; name = "MessageUI.framework"; path = "System/Library/Frameworks/MessageUI.framework"; sourceTree = SDKROOT; fileEncoding = undefined; lastKnownFileType = wrapper.framework; explicitFileType = undefined; includeInIndex = 0; };
/* End PBXFileReference section */

/* Begin PBXFrameworksBuildPhase section */
		1D60588F0D05DD3D006BFB54 /* Frameworks */ = {
			isa = PBXFrameworksBuildPhase;
			buildActionMask = 2147483647;
			files = (
				301BF552109A68D80062928A /* libCordova.a in Frameworks */,
				D691D7BF424C434AA862DBE9 /* libGGLCloudMessaging.a in Frameworks */,
				667412BFD1BD44A5B54A1BD9 /* libGGLCore.a in Frameworks */,
				06646934408E413EB1F84C35 /* libGGLInstanceIDLib.a in Frameworks */,
				28DC526F26F44C42A1C444BA /* libGIP_Reachability.a in Frameworks */,
				B7B165179BAE44F791016693 /* libGSDK_Overload.a in Frameworks */,
				D21B5375C1F9461582CBDF99 /* libGTMSessionFetcher_core.a in Frameworks */,
				CE5077C8A8814E90BCC80F9C /* libGTMSessionFetcher_full.a in Frameworks */,
				6CC3B4A17BF74D1D91EA8A85 /* libGTMStackTrace.a in Frameworks */,
				728024EA603B4A0AA8BC08BB /* libGTM_AddressBook.a in Frameworks */,
				97C14BA5AE0B4C00A51528A8 /* libGTM_DebugUtils.a in Frameworks */,
				0412E2E50CD0444988383E18 /* libGTM_GTMURLBuilder.a in Frameworks */,
				1B5B7596B205415AAD706645 /* libGTM_KVO.a in Frameworks */,
				9DA1BBBB30D44651B62A9C33 /* libGTM_NSData+zlib.a in Frameworks */,
				63C64B21088C417087B4B2A4 /* libGTM_NSDictionary+URLArguments.a in Frameworks */,
				19F865915425467992FA586F /* libGTM_NSScannerJSON.a in Frameworks */,
				3CDCAF4D94FE43C5A60114E4 /* libGTM_NSStringHTML.a in Frameworks */,
				4A40F8B84BBB44AD83A77922 /* libGTM_NSStringXML.a in Frameworks */,
				06E35C6F63CF4461ACBE738D /* libGTM_Regex.a in Frameworks */,
				B6BCD1207BD34681AAAD96AD /* libGTM_RoundedRectPath.a in Frameworks */,
				0A284B391DD44006B8031AA5 /* libGTM_StringEncoding.a in Frameworks */,
				2832385E3B49435CA5D64B71 /* libGTM_SystemVersion.a in Frameworks */,
				0CF83F607E5F45369DC065DA /* libGTM_UIFont+LineHeight.a in Frameworks */,
				DF5A0C3D5CA64601B67BA4B7 /* libGTM_core.a in Frameworks */,
				45BD02F230B34967B09940BC /* libGTM_iPhone.a in Frameworks */,
				00DEC2DEDDFC482486039D78 /* libGcmLib.a in Frameworks */,
				CC1F4A6B9AC64551A71D6B6E /* libProtocolBuffers.a in Frameworks */,
				9044878CE4E846A0A5D45243 /* AddressBook.framework in Frameworks */,
				407B64C20B544A39A71ADAA9 /* libsqlite3.tbd in Frameworks */,
				1448B11FDAE64DF585A4133B /* libz.tbd in Frameworks */,
				90AB45676AA4415C9B9A3AAD /* AudioToolbox.framework in Frameworks */,
				6A1DCCA6EE3141F8BC9F0340 /* SystemConfiguration.framework in Frameworks */,
				0040045E5847420EB0014771 /* CoreTelephony.framework in Frameworks */,
				D56CB34B5C5D4B869B5347FE /* Social.framework in Frameworks */,
				331A455A2FF94A32873502CF /* MessageUI.framework in Frameworks */,
			);
			runOnlyForDeploymentPostprocessing = 0;
		};
/* End PBXFrameworksBuildPhase section */

/* Begin PBXGroup section */
		080E96DDFE201D6D7F000001 /* Classes */ = {
			isa = PBXGroup;
			children = (
				302D95EE14D2391D003F00A1 /* MainViewController.h */,
				302D95EF14D2391D003F00A1 /* MainViewController.m */,
				302D95F014D2391D003F00A1 /* MainViewController.xib */,
				1D3623240D0F684500981E51 /* AppDelegate.h */,
				1D3623250D0F684500981E51 /* AppDelegate.m */,
			);
			name = Classes;
			path = "Heraclia Pavimenti/Classes";
			sourceTree = SOURCE_ROOT;
		};
		19C28FACFE9D520D11CA2CBB /* Products */ = {
			isa = PBXGroup;
			children = (
				1D6058910D05DD3D006BFB54 /* Heraclia Pavimenti.app */,
			);
			name = Products;
			sourceTree = "<group>";
		};
		29B97314FDCFA39411CA2CEA /* CustomTemplate */ = {
			isa = PBXGroup;
			children = (
				EB87FDF41871DAF40020F90C /* config.xml */,
				EB87FDF31871DA8E0020F90C /* www */,
				EB87FDF11871DA420020F90C /* Staging */,
				301BF52D109A57CC0062928A /* CordovaLib.xcodeproj */,
				080E96DDFE201D6D7F000001 /* Classes */,
				307C750510C5A3420062BCA9 /* Plugins */,
				29B97315FDCFA39411CA2CEA /* Other Sources */,
				29B97317FDCFA39411CA2CEA /* Resources */,
				29B97323FDCFA39411CA2CEA /* Frameworks */,
				19C28FACFE9D520D11CA2CBB /* Products */,
			);
			name = CustomTemplate;
			sourceTree = "<group>";
		};
		29B97315FDCFA39411CA2CEA /* Other Sources */ = {
			isa = PBXGroup;
			children = (
				32CA4F630368D1EE00C91783 /* Heraclia Pavimenti-Prefix.pch */,
				29B97316FDCFA39411CA2CEA /* main.m */,
				ED33DF2A687741AEAF9F8254 /* Bridging-Header.h */,
			);
			name = "Other Sources";
			path = "Heraclia Pavimenti";
			sourceTree = "<group>";
		};
		29B97317FDCFA39411CA2CEA /* Resources */ = {
			isa = PBXGroup;
			children = (
				0207DA571B56EA530066E2B4 /* Images.xcassets */,
				3047A50E1AB8057F00498E2A /* config */,
				8D1107310486CEB800E47090 /* Heraclia Pavimenti-Info.plist */,
				6AFF5BF81D6E424B00AB3073 /* CDVLaunchScreen.storyboard */,
				4B405E0B49BA42B9A7793895 /* CDVNotification.bundle */,
			);
			name = Resources;
			path = "Heraclia Pavimenti/Resources";
			sourceTree = "<group>";
		};
		29B97323FDCFA39411CA2CEA /* Frameworks */ = {
			isa = PBXGroup;
			children = (
				68F32FF25C4443468BB57AD2 /* libGGLCloudMessaging.a */,
				835ADBD243854F6892281D53 /* libGGLCore.a */,
				BBEFB713732941969D1D76AA /* libGGLInstanceIDLib.a */,
				311800C88D2F48E0A8030C54 /* libGIP_Reachability.a */,
				3AE46FB93F3D48BBB98E9454 /* libGSDK_Overload.a */,
				A4D03FB7C9744D679FC3F089 /* libGTMSessionFetcher_core.a */,
				3DA0FBBFC8D34F228DDBEF1B /* libGTMSessionFetcher_full.a */,
				C06D09132F3845CE931806E1 /* libGTMStackTrace.a */,
				FB98B8B4557041C099A2DC96 /* libGTM_AddressBook.a */,
				10C2DDC974B44D1998D91E0F /* libGTM_DebugUtils.a */,
				B77FA0881BC043798CD09610 /* libGTM_GTMURLBuilder.a */,
				0125916DCBE64FF5AFFC0734 /* libGTM_KVO.a */,
				CB6DD3960AF44592B67F80AD /* libGTM_NSData+zlib.a */,
				966B3261CFB74E4D8955963B /* libGTM_NSDictionary+URLArguments.a */,
				FFF218BA2044406E9A080F5D /* libGTM_NSScannerJSON.a */,
				8AEC54769E8B48F18521216C /* libGTM_NSStringHTML.a */,
				4104C2B2660C405B80C89509 /* libGTM_NSStringXML.a */,
				08DC419D04E341F8A55E418E /* libGTM_Regex.a */,
				65A020733DF04B96953C630D /* libGTM_RoundedRectPath.a */,
				9F6EDE818A6B4AB1B2DD6D6D /* libGTM_StringEncoding.a */,
				7DC699AA63E74C859FC5A5E7 /* libGTM_SystemVersion.a */,
				CB636AE5123143D7B0BD93F1 /* libGTM_UIFont+LineHeight.a */,
				E9E9ECC21853487F90D8C489 /* libGTM_core.a */,
				35D65869150F4A2886436B58 /* libGTM_iPhone.a */,
				48023BD7C2F54B069B9DABBF /* libGcmLib.a */,
				A7889147742A4344BA4E7162 /* libProtocolBuffers.a */,
				D1176300434245F2B0AC17D7 /* AddressBook.framework */,
				057F33381AF44F14B2C51B4B /* libsqlite3.tbd */,
				86DE9C79AB96414FBB6E2432 /* libz.tbd */,
				598B164D8882400CB28BEF67 /* AudioToolbox.framework */,
				7475E84AD76548509F5D3CA2 /* SystemConfiguration.framework */,
				5EBBC7330B0044F28512782E /* CoreTelephony.framework */,
				1C6F1CCE771A4845B93A6430 /* Social.framework */,
				9D821479628A40D99BA3D446 /* MessageUI.framework */,
			);
			name = Frameworks;
			sourceTree = "<group>";
		};
		301BF52E109A57CC0062928A /* Products */ = {
			isa = PBXGroup;
			children = (
				301BF535109A57CC0062928A /* libCordova.a */,
			);
			name = Products;
			sourceTree = "<group>";
		};
		3047A50E1AB8057F00498E2A /* config */ = {
			isa = PBXGroup;
			children = (
				3047A50F1AB8059700498E2A /* build-debug.xcconfig */,
				3047A5101AB8059700498E2A /* build-release.xcconfig */,
				3047A5111AB8059700498E2A /* build.xcconfig */,
			);
			name = config;
			sourceTree = "<group>";
		};
		307C750510C5A3420062BCA9 /* Plugins */ = {
			isa = PBXGroup;
			children = (
				7594095B83834C13B26BB7E6 /* AppDelegate+notification.m */,
				E1209BE46BAF48409B3FD311 /* PushPlugin.m */,
				743F8474D54E41DB8EAF155A /* AppDelegate+notification.h */,
				CED905DC301247DFBFBEAC82 /* PushPlugin.h */,
				9DC9AE0AE585499486502089 /* GGLInstanceID.h */,
				047DD772027C4C30AB79355D /* GGLInstanceIDConfig.h */,
				44D3C2AA321E47108EC4FC53 /* GGLInstanceIDDelegate.h */,
				B0B6D50AC1FF435FB21221FA /* GGLInstanceIDHeaders.h */,
				8BB3636FEC9048779604924D /* CloudMessaging.h */,
				45B39E57110A42E7AA38E825 /* GGLContext+CloudMessaging.h */,
				51B8DBBCC2E34D05947449D6 /* Core.h */,
				7092C3875CE54322B3F82DF8 /* GGLConfiguration.h */,
				BC0476C9E7794B819613A328 /* GGLContext.h */,
				04C8D7B176B84E1688E3725E /* GGLErrorCode.h */,
				1980E406C04F4ABE9701AC1B /* GCMConfig.h */,
				039AA9BDF9FA49979D0A4F94 /* GCMPubSub.h */,
				6BD0C92D8F6540D78C20F47E /* GCMReceiverDelegate.h */,
				827DB9D9BBEE49C7A69637AB /* GCMService.h */,
				0AC17A2B1A254620AF9E8D5F /* GoogleCloudMessaging.h */,
				698F18623B0C486F9574CB43 /* CDVDevice.m */,
				96F685DC9FD146C1B805C9F5 /* CDVDevice.h */,
				E4F6E9B3C04E4735BB85569E /* CDVNotification.m */,
				C48C299C1BF24033BDB09511 /* CDVNotification.h */,
				66187A0084154DCC8C075709 /* CDVInAppBrowser.m */,
				1706CEC3F63546EB87AA9D1B /* CDVInAppBrowser.h */,
				51E8F3FDF68A493B9D885439 /* CDVConnection.m */,
				FB756E7257C6400D9996A8D3 /* CDVReachability.m */,
				F4AD309DBE1B4913B265480F /* CDVConnection.h */,
				F0E0DC41DF774E30861313ED /* CDVReachability.h */,
				A5AC2BC8909A472B88BE6DF4 /* CDVStatusBar.m */,
				2170813A8F714166AF257782 /* CDVStatusBar.h */,
				0C6E2BAB99E4447C83F9F08F /* NSString+SSURLEncoding.m */,
				2DE1C4B6BF0E486389612826 /* SocialSharing.m */,
				F90515D827B4481AAA6E899A /* NSString+SSURLEncoding.h */,
				B964786F2CCE4E9D85A48C6F /* SocialSharing.h */,
			);
			name = Plugins;
			path = "Heraclia Pavimenti/Plugins";
			sourceTree = SOURCE_ROOT;
		};
		EB87FDF11871DA420020F90C /* Staging */ = {
			isa = PBXGroup;
			children = (
				F840E1F0165FE0F500CFE078 /* config.xml */,
				301BF56E109A69640062928A /* www */,
			);
			name = Staging;
			sourceTree = "<group>";
		};
/* End PBXGroup section */

/* Begin PBXNativeTarget section */
		1D6058900D05DD3D006BFB54 /* Heraclia Pavimenti */ = {
			isa = PBXNativeTarget;
			buildConfigurationList = 1D6058960D05DD3E006BFB54 /* Build configuration list for PBXNativeTarget "Heraclia Pavimenti" */;
			buildPhases = (
				304B58A110DAC018002A0835 /* Copy www directory */,
				1D60588D0D05DD3D006BFB54 /* Resources */,
				1D60588E0D05DD3D006BFB54 /* Sources */,
				1D60588F0D05DD3D006BFB54 /* Frameworks */,
			);
			buildRules = (
			);
			dependencies = (
				301BF551109A68C00062928A /* PBXTargetDependency */,
			);
			name = "Heraclia Pavimenti";
			productName = "Heraclia Pavimenti";
			productReference = 1D6058910D05DD3D006BFB54 /* Heraclia Pavimenti.app */;
			productType = "com.apple.product-type.application";
		};
/* End PBXNativeTarget section */

/* Begin PBXProject section */
		29B97313FDCFA39411CA2CEA /* Project object */ = {
			isa = PBXProject;
			attributes = {
				LastUpgradeCheck = 510;
			};
			buildConfigurationList = C01FCF4E08A954540054247B /* Build configuration list for PBXProject "__NON-CLI__" */;
			compatibilityVersion = "Xcode 3.2";
			developmentRegion = English;
			hasScannedForEncodings = 1;
			mainGroup = 29B97314FDCFA39411CA2CEA /* CustomTemplate */;
			projectDirPath = "";
			projectReferences = (
				{
					ProductGroup = 301BF52E109A57CC0062928A /* Products */;
					ProjectRef = 301BF52D109A57CC0062928A /* CordovaLib.xcodeproj */;
				},
			);
			projectRoot = "";
			targets = (
				1D6058900D05DD3D006BFB54 /* Heraclia Pavimenti */,
			);
		};
/* End PBXProject section */

/* Begin PBXReferenceProxy section */
		301BF535109A57CC0062928A /* libCordova.a */ = {
			isa = PBXReferenceProxy;
			fileType = archive.ar;
			path = libCordova.a;
			remoteRef = 301BF534109A57CC0062928A /* PBXContainerItemProxy */;
			sourceTree = BUILT_PRODUCTS_DIR;
		};
/* End PBXReferenceProxy section */

/* Begin PBXResourcesBuildPhase section */
		1D60588D0D05DD3D006BFB54 /* Resources */ = {
			isa = PBXResourcesBuildPhase;
			buildActionMask = 2147483647;
			files = (
				302D95F214D2391D003F00A1 /* MainViewController.xib in Resources */,
				0207DA581B56EA530066E2B4 /* Images.xcassets in Resources */,
				6AFF5BF91D6E424B00AB3073 /* CDVLaunchScreen.storyboard in Resources */,
				B5DCE5D7AD2B493AB7DFC4EB /* CDVNotification.bundle in Resources */,
			);
			runOnlyForDeploymentPostprocessing = 0;
		};
/* End PBXResourcesBuildPhase section */

/* Begin PBXShellScriptBuildPhase section */
		304B58A110DAC018002A0835 /* Copy www directory */ = {
			isa = PBXShellScriptBuildPhase;
			buildActionMask = 2147483647;
			files = (
			);
			inputPaths = (
			);
			name = "Copy www directory";
			outputPaths = (
			);
			runOnlyForDeploymentPostprocessing = 0;
			shellPath = /bin/sh;
			shellScript = "NODEJS_PATH=/usr/local/bin; NVM_NODE_PATH=~/.nvm/versions/node/`nvm version 2>/dev/null`/bin; N_NODE_PATH=`find /usr/local/n/versions/node/* -maxdepth 0 -type d 2>/dev/null | tail -1`/bin; XCODE_NODE_PATH=`xcode-select --print-path`/usr/share/xcs/Node/bin; PATH=$NODEJS_PATH:$NVM_NODE_PATH:$N_NODE_PATH:$XCODE_NODE_PATH:$PATH && node cordova/lib/copy-www-build-step.js";
			showEnvVarsInLog = 0;
		};
/* End PBXShellScriptBuildPhase section */

/* Begin PBXSourcesBuildPhase section */
		1D60588E0D05DD3D006BFB54 /* Sources */ = {
			isa = PBXSourcesBuildPhase;
			buildActionMask = 2147483647;
			files = (
				1D60589B0D05DD56006BFB54 /* main.m in Sources */,
				1D3623260D0F684500981E51 /* AppDelegate.m in Sources */,
				302D95F114D2391D003F00A1 /* MainViewController.m in Sources */,
				EEECC56CC619475A96D5007A /* AppDelegate+notification.m in Sources */,
				A6929C99EFD44496863BE3B0 /* PushPlugin.m in Sources */,
				1EE5550141AD47CDB250BBCB /* CDVDevice.m in Sources */,
				3086E3F8936745D3A28C16BB /* CDVNotification.m in Sources */,
				58AE3A115E264771B48993B1 /* CDVInAppBrowser.m in Sources */,
				18AA85987FFF4BB2ACA67087 /* CDVConnection.m in Sources */,
				1C30AE5240CD41DB992197EF /* CDVReachability.m in Sources */,
				C4481BA7CB9B4EAC8ECD1232 /* CDVStatusBar.m in Sources */,
				A2DD1F87633649658CB30E99 /* NSString+SSURLEncoding.m in Sources */,
				B281916B9EA84B4292B0532A /* SocialSharing.m in Sources */,
			);
			runOnlyForDeploymentPostprocessing = 0;
		};
/* End PBXSourcesBuildPhase section */

/* Begin PBXTargetDependency section */
		301BF551109A68C00062928A /* PBXTargetDependency */ = {
			isa = PBXTargetDependency;
			name = CordovaLib;
			targetProxy = 301BF550109A68C00062928A /* PBXContainerItemProxy */;
		};
/* End PBXTargetDependency section */

/* Begin XCBuildConfiguration section */
		1D6058940D05DD3E006BFB54 /* Debug */ = {
			isa = XCBuildConfiguration;
			baseConfigurationReference = 3047A50F1AB8059700498E2A /* build-debug.xcconfig */;
			buildSettings = {
				ALWAYS_SEARCH_USER_PATHS = NO;
				ASSETCATALOG_COMPILER_APPICON_NAME = AppIcon;
				ASSETCATALOG_COMPILER_LAUNCHIMAGE_NAME = LaunchImage;
				CLANG_ENABLE_MODULES = YES;
				CLANG_ENABLE_OBJC_ARC = YES;
				COPY_PHASE_STRIP = NO;
				GCC_DYNAMIC_NO_PIC = NO;
				GCC_OPTIMIZATION_LEVEL = 0;
				GCC_PRECOMPILE_PREFIX_HEADER = YES;
				GCC_PREFIX_HEADER = "Heraclia Pavimenti/Heraclia Pavimenti-Prefix.pch";
				GCC_THUMB_SUPPORT = NO;
				GCC_VERSION = "";
				INFOPLIST_FILE = "Heraclia Pavimenti/Heraclia Pavimenti-Info.plist";
				IPHONEOS_DEPLOYMENT_TARGET = 8.0;
				LD_RUNPATH_SEARCH_PATHS = "@executable_path/Frameworks";
				TARGETED_DEVICE_FAMILY = "1,2";
				PRODUCT_NAME = "Heraclia Pavimenti";
				LIBRARY_SEARCH_PATHS = (
					"$(inherited)",
					"\"$(SRCROOT)/Heraclia Pavimenti/Plugins/phonegap-plugin-push/GCM/Libraries\"",
					"\"$(SRCROOT)/Heraclia Pavimenti/Plugins/phonegap-plugin-push/GCM/Libraries\"",
					"\"$(SRCROOT)/Heraclia Pavimenti/Plugins/phonegap-plugin-push/GCM/Libraries\"",
					"\"$(SRCROOT)/Heraclia Pavimenti/Plugins/phonegap-plugin-push/GCM/Libraries\"",
					"\"$(SRCROOT)/Heraclia Pavimenti/Plugins/phonegap-plugin-push/GCM/Libraries\"",
					"\"$(SRCROOT)/Heraclia Pavimenti/Plugins/phonegap-plugin-push/GCM/Libraries\"",
					"\"$(SRCROOT)/Heraclia Pavimenti/Plugins/phonegap-plugin-push/GCM/Libraries\"",
					"\"$(SRCROOT)/Heraclia Pavimenti/Plugins/phonegap-plugin-push/GCM/Libraries\"",
					"\"$(SRCROOT)/Heraclia Pavimenti/Plugins/phonegap-plugin-push/GCM/Libraries\"",
					"\"$(SRCROOT)/Heraclia Pavimenti/Plugins/phonegap-plugin-push/GCM/Libraries\"",
					"\"$(SRCROOT)/Heraclia Pavimenti/Plugins/phonegap-plugin-push/GCM/Libraries\"",
					"\"$(SRCROOT)/Heraclia Pavimenti/Plugins/phonegap-plugin-push/GCM/Libraries\"",
					"\"$(SRCROOT)/Heraclia Pavimenti/Plugins/phonegap-plugin-push/GCM/Libraries\"",
					"\"$(SRCROOT)/Heraclia Pavimenti/Plugins/phonegap-plugin-push/GCM/Libraries\"",
					"\"$(SRCROOT)/Heraclia Pavimenti/Plugins/phonegap-plugin-push/GCM/Libraries\"",
					"\"$(SRCROOT)/Heraclia Pavimenti/Plugins/phonegap-plugin-push/GCM/Libraries\"",
					"\"$(SRCROOT)/Heraclia Pavimenti/Plugins/phonegap-plugin-push/GCM/Libraries\"",
					"\"$(SRCROOT)/Heraclia Pavimenti/Plugins/phonegap-plugin-push/GCM/Libraries\"",
					"\"$(SRCROOT)/Heraclia Pavimenti/Plugins/phonegap-plugin-push/GCM/Libraries\"",
					"\"$(SRCROOT)/Heraclia Pavimenti/Plugins/phonegap-plugin-push/GCM/Libraries\"",
					"\"$(SRCROOT)/Heraclia Pavimenti/Plugins/phonegap-plugin-push/GCM/Libraries\"",
					"\"$(SRCROOT)/Heraclia Pavimenti/Plugins/phonegap-plugin-push/GCM/Libraries\"",
					"\"$(SRCROOT)/Heraclia Pavimenti/Plugins/phonegap-plugin-push/GCM/Libraries\"",
					"\"$(SRCROOT)/Heraclia Pavimenti/Plugins/phonegap-plugin-push/GCM/Libraries\"",
					"\"$(SRCROOT)/Heraclia Pavimenti/Plugins/phonegap-plugin-push/GCM/Libraries\"",
					"\"$(SRCROOT)/Heraclia Pavimenti/Plugins/phonegap-plugin-push/GCM/Libraries\"",
				);
			};
			name = Debug;
		};
		1D6058950D05DD3E006BFB54 /* Release */ = {
			isa = XCBuildConfiguration;
			baseConfigurationReference = 3047A5101AB8059700498E2A /* build-release.xcconfig */;
			buildSettings = {
				ALWAYS_SEARCH_USER_PATHS = NO;
				ASSETCATALOG_COMPILER_APPICON_NAME = AppIcon;
				ASSETCATALOG_COMPILER_LAUNCHIMAGE_NAME = LaunchImage;
				CLANG_ENABLE_MODULES = YES;
				CLANG_ENABLE_OBJC_ARC = YES;
				COPY_PHASE_STRIP = YES;
				GCC_PRECOMPILE_PREFIX_HEADER = YES;
				GCC_PREFIX_HEADER = "Heraclia Pavimenti/Heraclia Pavimenti-Prefix.pch";
				GCC_THUMB_SUPPORT = NO;
				GCC_VERSION = "";
				INFOPLIST_FILE = "Heraclia Pavimenti/Heraclia Pavimenti-Info.plist";
				IPHONEOS_DEPLOYMENT_TARGET = 8.0;
				LD_RUNPATH_SEARCH_PATHS = "@executable_path/Frameworks";
				TARGETED_DEVICE_FAMILY = "1,2";
				PRODUCT_NAME = "Heraclia Pavimenti";
				LIBRARY_SEARCH_PATHS = (
					"$(inherited)",
					"\"$(SRCROOT)/Heraclia Pavimenti/Plugins/phonegap-plugin-push/GCM/Libraries\"",
					"\"$(SRCROOT)/Heraclia Pavimenti/Plugins/phonegap-plugin-push/GCM/Libraries\"",
					"\"$(SRCROOT)/Heraclia Pavimenti/Plugins/phonegap-plugin-push/GCM/Libraries\"",
					"\"$(SRCROOT)/Heraclia Pavimenti/Plugins/phonegap-plugin-push/GCM/Libraries\"",
					"\"$(SRCROOT)/Heraclia Pavimenti/Plugins/phonegap-plugin-push/GCM/Libraries\"",
					"\"$(SRCROOT)/Heraclia Pavimenti/Plugins/phonegap-plugin-push/GCM/Libraries\"",
					"\"$(SRCROOT)/Heraclia Pavimenti/Plugins/phonegap-plugin-push/GCM/Libraries\"",
					"\"$(SRCROOT)/Heraclia Pavimenti/Plugins/phonegap-plugin-push/GCM/Libraries\"",
					"\"$(SRCROOT)/Heraclia Pavimenti/Plugins/phonegap-plugin-push/GCM/Libraries\"",
					"\"$(SRCROOT)/Heraclia Pavimenti/Plugins/phonegap-plugin-push/GCM/Libraries\"",
					"\"$(SRCROOT)/Heraclia Pavimenti/Plugins/phonegap-plugin-push/GCM/Libraries\"",
					"\"$(SRCROOT)/Heraclia Pavimenti/Plugins/phonegap-plugin-push/GCM/Libraries\"",
					"\"$(SRCROOT)/Heraclia Pavimenti/Plugins/phonegap-plugin-push/GCM/Libraries\"",
					"\"$(SRCROOT)/Heraclia Pavimenti/Plugins/phonegap-plugin-push/GCM/Libraries\"",
					"\"$(SRCROOT)/Heraclia Pavimenti/Plugins/phonegap-plugin-push/GCM/Libraries\"",
					"\"$(SRCROOT)/Heraclia Pavimenti/Plugins/phonegap-plugin-push/GCM/Libraries\"",
					"\"$(SRCROOT)/Heraclia Pavimenti/Plugins/phonegap-plugin-push/GCM/Libraries\"",
					"\"$(SRCROOT)/Heraclia Pavimenti/Plugins/phonegap-plugin-push/GCM/Libraries\"",
					"\"$(SRCROOT)/Heraclia Pavimenti/Plugins/phonegap-plugin-push/GCM/Libraries\"",
					"\"$(SRCROOT)/Heraclia Pavimenti/Plugins/phonegap-plugin-push/GCM/Libraries\"",
					"\"$(SRCROOT)/Heraclia Pavimenti/Plugins/phonegap-plugin-push/GCM/Libraries\"",
					"\"$(SRCROOT)/Heraclia Pavimenti/Plugins/phonegap-plugin-push/GCM/Libraries\"",
					"\"$(SRCROOT)/Heraclia Pavimenti/Plugins/phonegap-plugin-push/GCM/Libraries\"",
					"\"$(SRCROOT)/Heraclia Pavimenti/Plugins/phonegap-plugin-push/GCM/Libraries\"",
					"\"$(SRCROOT)/Heraclia Pavimenti/Plugins/phonegap-plugin-push/GCM/Libraries\"",
					"\"$(SRCROOT)/Heraclia Pavimenti/Plugins/phonegap-plugin-push/GCM/Libraries\"",
				);
			};
			name = Release;
		};
		C01FCF4F08A954540054247B /* Debug */ = {
			isa = XCBuildConfiguration;
			baseConfigurationReference = 3047A5111AB8059700498E2A /* build.xcconfig */;
			buildSettings = {
				CLANG_ENABLE_MODULES = YES;
				CLANG_ENABLE_OBJC_ARC = YES;
				CLANG_WARN_BOOL_CONVERSION = YES;
				CLANG_WARN_CONSTANT_CONVERSION = YES;
				CLANG_WARN_EMPTY_BODY = YES;
				CLANG_WARN_ENUM_CONVERSION = YES;
				CLANG_WARN_INT_CONVERSION = YES;
				CLANG_WARN__DUPLICATE_METHOD_MATCH = YES;
				GCC_C_LANGUAGE_STANDARD = c99;
				GCC_THUMB_SUPPORT = NO;
				GCC_VERSION = "";
				GCC_WARN_ABOUT_RETURN_TYPE = YES;
				GCC_WARN_UNDECLARED_SELECTOR = YES;
				GCC_WARN_UNINITIALIZED_AUTOS = YES;
				GCC_WARN_UNUSED_FUNCTION = YES;
				GCC_WARN_UNUSED_VARIABLE = YES;
				ONLY_ACTIVE_ARCH = YES;
				SDKROOT = iphoneos;
				SKIP_INSTALL = NO;
				TARGETED_DEVICE_FAMILY = "1,2";
				ASSETCATALOG_COMPILER_LAUNCHIMAGE_NAME = LaunchImage;
			};
			name = Debug;
		};
		C01FCF5008A954540054247B /* Release */ = {
			isa = XCBuildConfiguration;
			baseConfigurationReference = 3047A5111AB8059700498E2A /* build.xcconfig */;
			buildSettings = {
				CLANG_ENABLE_MODULES = YES;
				CLANG_ENABLE_OBJC_ARC = YES;
				CLANG_WARN_BOOL_CONVERSION = YES;
				CLANG_WARN_CONSTANT_CONVERSION = YES;
				CLANG_WARN_EMPTY_BODY = YES;
				CLANG_WARN_ENUM_CONVERSION = YES;
				CLANG_WARN_INT_CONVERSION = YES;
				CLANG_WARN__DUPLICATE_METHOD_MATCH = YES;
				GCC_C_LANGUAGE_STANDARD = c99;
				GCC_THUMB_SUPPORT = NO;
				GCC_VERSION = "";
				GCC_WARN_ABOUT_RETURN_TYPE = YES;
				GCC_WARN_UNDECLARED_SELECTOR = YES;
				GCC_WARN_UNINITIALIZED_AUTOS = YES;
				GCC_WARN_UNUSED_FUNCTION = YES;
				GCC_WARN_UNUSED_VARIABLE = YES;
				SDKROOT = iphoneos;
				SKIP_INSTALL = NO;
				TARGETED_DEVICE_FAMILY = "1,2";
				ASSETCATALOG_COMPILER_LAUNCHIMAGE_NAME = LaunchImage;
			};
			name = Release;
		};
/* End XCBuildConfiguration section */

/* Begin XCConfigurationList section */
		1D6058960D05DD3E006BFB54 /* Build configuration list for PBXNativeTarget "Heraclia Pavimenti" */ = {
			isa = XCConfigurationList;
			buildConfigurations = (
				1D6058940D05DD3E006BFB54 /* Debug */,
				1D6058950D05DD3E006BFB54 /* Release */,
			);
			defaultConfigurationIsVisible = 0;
			defaultConfigurationName = Release;
		};
		C01FCF4E08A954540054247B /* Build configuration list for PBXProject "__NON-CLI__" */ = {
			isa = XCConfigurationList;
			buildConfigurations = (
				C01FCF4F08A954540054247B /* Debug */,
				C01FCF5008A954540054247B /* Release */,
			);
			defaultConfigurationIsVisible = 0;
			defaultConfigurationName = Release;
		};
/* End XCConfigurationList section */
	};
	rootObject = 29B97313FDCFA39411CA2CEA /* Project object */;
}
